{
    "_meta": {
        "hash": {
            "sha256": "b68fd7e3916523c554b11ab3a05ce60cc26e6dd8649d2e9c0a81439aa15fb833"
        },
        "pipfile-spec": 6,
        "requires": {
            "python_version": "3.11"
        },
        "sources": [
            {
                "name": "pypi",
                "url": "https://pypi.org/simple",
                "verify_ssl": true
            }
        ]
    },
    "default": {
        "readline": {
            "hashes": [
                "sha256:6b34cf7c651791c3017b9cf31c74ef99b9050d14ae55a32898f2eb41787ca00a",
                "sha256:c157d3cf5f97794f0153cfc8ca90c9e11f810b8045d4a0acd33046379342f163",
                "sha256:d91a3294f027fb0d3b124117c550312f45eded265e01c62fd3470c28cda0e346",
                "sha256:e00f86e03dfe52e7d1502cec5c64070b32621c85509c0081a4cfa6a0294bd107"
            ],
            "index": "pypi",
            "version": "==6.2.4.1"
        }
    },
    "develop": {}
}
